
Microsoft Visual Studio Solution File, Format Version 12.00
# Visual Studio 14
VisualStudioVersion = 14.0.25123.0
MinimumVisualStudioVersion = 10.0.40219.1
Project("{FAE04EC0-301F-11D3-BF4B-00C04F79EFBC}") = "Greetings.Droid", "Greetings\Greetings.Droid\Greetings.Droid.csproj", "{DADD89E5-C910-4B0A-BFB0-4181C3325FA7}"
EndProject
Project("{FAE04EC0-301F-11D3-BF4B-00C04F79EFBC}") = "Greetings.iOS", "Greetings\Greetings.iOS\Greetings.iOS.csproj", "{EDE6514E-1EDD-4BB2-8D8E-FFA005774189}"
EndProject
Project("{FAE04EC0-301F-11D3-BF4B-00C04F79EFBC}") = "Greetings.WinPhone", "Greetings\Greetings.WinPhone\Greetings.WinPhone.csproj", "{2AE6B3D0-1F41-4E32-8833-91FF6A9556BD}"
EndProject
Project("{FAE04EC0-301F-11D3-BF4B-00C04F79EFBC}") = "Greetings.UWP", "Greetings\Greetings.UWP\Greetings.UWP.csproj", "{4654D08C-D26C-4EDD-89D4-887518260A65}"
EndProject
Project("{FAE04EC0-301F-11D3-BF4B-00C04F79EFBC}") = "Greetings.Windows", "Greetings\Greetings.Windows\Greetings.Windows.csproj", "{FF903F4F-1F54-4F7D-B5AA-5392DE98E2A0}"
EndProject
Project("{FAE04EC0-301F-11D3-BF4B-00C04F79EFBC}") = "Greetings", "Greetings\Greetings\Greetings.csproj", "{02DFE0F5-7F6C-4447-B6D5-97796845D1DA}"
EndProject
Global
	GlobalSection(SolutionConfigurationPlatforms) = preSolution
		Ad-Hoc|Any CPU = Ad-Hoc|Any CPU
		Ad-Hoc|ARM = Ad-Hoc|ARM
		Ad-Hoc|iPhone = Ad-Hoc|iPhone
		Ad-Hoc|iPhoneSimulator = Ad-Hoc|iPhoneSimulator
		Ad-Hoc|x64 = Ad-Hoc|x64
		Ad-Hoc|x86 = Ad-Hoc|x86
		AppStore|Any CPU = AppStore|Any CPU
		AppStore|ARM = AppStore|ARM
		AppStore|iPhone = AppStore|iPhone
		AppStore|iPhoneSimulator = AppStore|iPhoneSimulator
		AppStore|x64 = AppStore|x64
		AppStore|x86 = AppStore|x86
		Debug|Any CPU = Debug|Any CPU
		Debug|ARM = Debug|ARM
		Debug|iPhone = Debug|iPhone
		Debug|iPhoneSimulator = Debug|iPhoneSimulator
		Debug|x64 = Debug|x64
		Debug|x86 = Debug|x86
		Release|Any CPU = Release|Any CPU
		Release|ARM = Release|ARM
		Release|iPhone = Release|iPhone
		Release|iPhoneSimulator = Release|iPhoneSimulator
		Release|x64 = Release|x64
		Release|x86 = Release|x86
	EndGlobalSection
	GlobalSection(ProjectConfigurationPlatforms) = postSolution
		{DADD89E5-C910-4B0A-BFB0-4181C3325FA7}.Ad-Hoc|Any CPU.ActiveCfg = Release|Any CPU
		{DADD89E5-C910-4B0A-BFB0-4181C3325FA7}.Ad-Hoc|Any CPU.Build.0 = Release|Any CPU
		{DADD89E5-C910-4B0A-BFB0-4181C3325FA7}.Ad-Hoc|Any CPU.Deploy.0 = Release|Any CPU
		{DADD89E5-C910-4B0A-BFB0-4181C3325FA7}.Ad-Hoc|ARM.ActiveCfg = Release|Any CPU
		{DADD89E5-C910-4B0A-BFB0-4181C3325FA7}.Ad-Hoc|ARM.Build.0 = Release|Any CPU
		{DADD89E5-C910-4B0A-BFB0-4181C3325FA7}.Ad-Hoc|ARM.Deploy.0 = Release|Any CPU
		{DADD89E5-C910-4B0A-BFB0-4181C3325FA7}.Ad-Hoc|iPhone.ActiveCfg = Release|Any CPU
		{DADD89E5-C910-4B0A-BFB0-4181C3325FA7}.Ad-Hoc|iPhone.Build.0 = Release|Any CPU
		{DADD89E5-C910-4B0A-BFB0-4181C3325FA7}.Ad-Hoc|iPhone.Deploy.0 = Release|Any CPU
		{DADD89E5-C910-4B0A-BFB0-4181C3325FA7}.Ad-Hoc|iPhoneSimulator.ActiveCfg = Release|Any CPU
		{DADD89E5-C910-4B0A-BFB0-4181C3325FA7}.Ad-Hoc|iPhoneSimulator.Build.0 = Release|Any CPU
		{DADD89E5-C910-4B0A-BFB0-4181C3325FA7}.Ad-Hoc|iPhoneSimulator.Deploy.0 = Release|Any CPU
		{DADD89E5-C910-4B0A-BFB0-4181C3325FA7}.Ad-Hoc|x64.ActiveCfg = Release|Any CPU
		{DADD89E5-C910-4B0A-BFB0-4181C3325FA7}.Ad-Hoc|x64.Build.0 = Release|Any CPU
		{DADD89E5-C910-4B0A-BFB0-4181C3325FA7}.Ad-Hoc|x64.Deploy.0 = Release|Any CPU
		{DADD89E5-C910-4B0A-BFB0-4181C3325FA7}.Ad-Hoc|x86.ActiveCfg = Release|Any CPU
		{DADD89E5-C910-4B0A-BFB0-4181C3325FA7}.Ad-Hoc|x86.Build.0 = Release|Any CPU
		{DADD89E5-C910-4B0A-BFB0-4181C3325FA7}.Ad-Hoc|x86.Deploy.0 = Release|Any CPU
		{DADD89E5-C910-4B0A-BFB0-4181C3325FA7}.AppStore|Any CPU.ActiveCfg = Release|Any CPU
		{DADD89E5-C910-4B0A-BFB0-4181C3325FA7}.AppStore|Any CPU.Build.0 = Release|Any CPU
		{DADD89E5-C910-4B0A-BFB0-4181C3325FA7}.AppStore|Any CPU.Deploy.0 = Release|Any CPU
		{DADD89E5-C910-4B0A-BFB0-4181C3325FA7}.AppStore|ARM.ActiveCfg = Release|Any CPU
		{DADD89E5-C910-4B0A-BFB0-4181C3325FA7}.AppStore|ARM.Build.0 = Release|Any CPU
		{DADD89E5-C910-4B0A-BFB0-4181C3325FA7}.AppStore|ARM.Deploy.0 = Release|Any CPU
		{DADD89E5-C910-4B0A-BFB0-4181C3325FA7}.AppStore|iPhone.ActiveCfg = Release|Any CPU
		{DADD89E5-C910-4B0A-BFB0-4181C3325FA7}.AppStore|iPhone.Build.0 = Release|Any CPU
		{DADD89E5-C910-4B0A-BFB0-4181C3325FA7}.AppStore|iPhone.Deploy.0 = Release|Any CPU
		{DADD89E5-C910-4B0A-BFB0-4181C3325FA7}.AppStore|iPhoneSimulator.ActiveCfg = Release|Any CPU
		{DADD89E5-C910-4B0A-BFB0-4181C3325FA7}.AppStore|iPhoneSimulator.Build.0 = Release|Any CPU
		{DADD89E5-C910-4B0A-BFB0-4181C3325FA7}.AppStore|iPhoneSimulator.Deploy.0 = Release|Any CPU
		{DADD89E5-C910-4B0A-BFB0-4181C3325FA7}.AppStore|x64.ActiveCfg = Release|Any CPU
		{DADD89E5-C910-4B0A-BFB0-4181C3325FA7}.AppStore|x64.Build.0 = Release|Any CPU
		{DADD89E5-C910-4B0A-BFB0-4181C3325FA7}.AppStore|x64.Deploy.0 = Release|Any CPU
		{DADD89E5-C910-4B0A-BFB0-4181C3325FA7}.AppStore|x86.ActiveCfg = Release|Any CPU
		{DADD89E5-C910-4B0A-BFB0-4181C3325FA7}.AppStore|x86.Build.0 = Release|Any CPU
		{DADD89E5-C910-4B0A-BFB0-4181C3325FA7}.AppStore|x86.Deploy.0 = Release|Any CPU
		{DADD89E5-C910-4B0A-BFB0-4181C3325FA7}.Debug|Any CPU.ActiveCfg = Debug|Any CPU
		{DADD89E5-C910-4B0A-BFB0-4181C3325FA7}.Debug|Any CPU.Build.0 = Debug|Any CPU
		{DADD89E5-C910-4B0A-BFB0-4181C3325FA7}.Debug|Any CPU.Deploy.0 = Debug|Any CPU
		{DADD89E5-C910-4B0A-BFB0-4181C3325FA7}.Debug|ARM.ActiveCfg = Debug|Any CPU
		{DADD89E5-C910-4B0A-BFB0-4181C3325FA7}.Debug|ARM.Build.0 = Debug|Any CPU
		{DADD89E5-C910-4B0A-BFB0-4181C3325FA7}.Debug|ARM.Deploy.0 = Debug|Any CPU
		{DADD89E5-C910-4B0A-BFB0-4181C3325FA7}.Debug|iPhone.ActiveCfg = Debug|Any CPU
		{DADD89E5-C910-4B0A-BFB0-4181C3325FA7}.Debug|iPhone.Build.0 = Debug|Any CPU
		{DADD89E5-C910-4B0A-BFB0-4181C3325FA7}.Debug|iPhone.Deploy.0 = Debug|Any CPU
		{DADD89E5-C910-4B0A-BFB0-4181C3325FA7}.Debug|iPhoneSimulator.ActiveCfg = Debug|Any CPU
		{DADD89E5-C910-4B0A-BFB0-4181C3325FA7}.Debug|iPhoneSimulator.Build.0 = Debug|Any CPU
		{DADD89E5-C910-4B0A-BFB0-4181C3325FA7}.Debug|iPhoneSimulator.Deploy.0 = Debug|Any CPU
		{DADD89E5-C910-4B0A-BFB0-4181C3325FA7}.Debug|x64.ActiveCfg = Debug|Any CPU
		{DADD89E5-C910-4B0A-BFB0-4181C3325FA7}.Debug|x64.Build.0 = Debug|Any CPU
		{DADD89E5-C910-4B0A-BFB0-4181C3325FA7}.Debug|x64.Deploy.0 = Debug|Any CPU
		{DADD89E5-C910-4B0A-BFB0-4181C3325FA7}.Debug|x86.ActiveCfg = Debug|Any CPU
		{DADD89E5-C910-4B0A-BFB0-4181C3325FA7}.Debug|x86.Build.0 = Debug|Any CPU
		{DADD89E5-C910-4B0A-BFB0-4181C3325FA7}.Debug|x86.Deploy.0 = Debug|Any CPU
		{DADD89E5-C910-4B0A-BFB0-4181C3325FA7}.Release|Any CPU.ActiveCfg = Release|Any CPU
		{DADD89E5-C910-4B0A-BFB0-4181C3325FA7}.Release|Any CPU.Build.0 = Release|Any CPU
		{DADD89E5-C910-4B0A-BFB0-4181C3325FA7}.Release|Any CPU.Deploy.0 = Release|Any CPU
		{DADD89E5-C910-4B0A-BFB0-4181C3325FA7}.Release|ARM.ActiveCfg = Release|Any CPU
		{DADD89E5-C910-4B0A-BFB0-4181C3325FA7}.Release|ARM.Build.0 = Release|Any CPU
		{DADD89E5-C910-4B0A-BFB0-4181C3325FA7}.Release|ARM.Deploy.0 = Release|Any CPU
		{DADD89E5-C910-4B0A-BFB0-4181C3325FA7}.Release|iPhone.ActiveCfg = Release|Any CPU
		{DADD89E5-C910-4B0A-BFB0-4181C3325FA7}.Release|iPhone.Build.0 = Release|Any CPU
		{DADD89E5-C910-4B0A-BFB0-4181C3325FA7}.Release|iPhone.Deploy.0 = Release|Any CPU
		{DADD89E5-C910-4B0A-BFB0-4181C3325FA7}.Release|iPhoneSimulator.ActiveCfg = Release|Any CPU
		{DADD89E5-C910-4B0A-BFB0-4181C3325FA7}.Release|iPhoneSimulator.Build.0 = Release|Any CPU
		{DADD89E5-C910-4B0A-BFB0-4181C3325FA7}.Release|iPhoneSimulator.Deploy.0 = Release|Any CPU
		{DADD89E5-C910-4B0A-BFB0-4181C3325FA7}.Release|x64.ActiveCfg = Release|Any CPU
		{DADD89E5-C910-4B0A-BFB0-4181C3325FA7}.Release|x64.Build.0 = Release|Any CPU
		{DADD89E5-C910-4B0A-BFB0-4181C3325FA7}.Release|x64.Deploy.0 = Release|Any CPU
		{DADD89E5-C910-4B0A-BFB0-4181C3325FA7}.Release|x86.ActiveCfg = Release|Any CPU
		{DADD89E5-C910-4B0A-BFB0-4181C3325FA7}.Release|x86.Build.0 = Release|Any CPU
		{DADD89E5-C910-4B0A-BFB0-4181C3325FA7}.Release|x86.Deploy.0 = Release|Any CPU
		{EDE6514E-1EDD-4BB2-8D8E-FFA005774189}.Ad-Hoc|Any CPU.ActiveCfg = Ad-Hoc|iPhone
		{EDE6514E-1EDD-4BB2-8D8E-FFA005774189}.Ad-Hoc|ARM.ActiveCfg = Ad-Hoc|iPhone
		{EDE6514E-1EDD-4BB2-8D8E-FFA005774189}.Ad-Hoc|iPhone.ActiveCfg = Ad-Hoc|iPhone
		{EDE6514E-1EDD-4BB2-8D8E-FFA005774189}.Ad-Hoc|iPhone.Build.0 = Ad-Hoc|iPhone
		{EDE6514E-1EDD-4BB2-8D8E-FFA005774189}.Ad-Hoc|iPhoneSimulator.ActiveCfg = Ad-Hoc|iPhoneSimulator
		{EDE6514E-1EDD-4BB2-8D8E-FFA005774189}.Ad-Hoc|iPhoneSimulator.Build.0 = Ad-Hoc|iPhoneSimulator
		{EDE6514E-1EDD-4BB2-8D8E-FFA005774189}.Ad-Hoc|x64.ActiveCfg = Ad-Hoc|iPhone
		{EDE6514E-1EDD-4BB2-8D8E-FFA005774189}.Ad-Hoc|x86.ActiveCfg = Ad-Hoc|iPhone
		{EDE6514E-1EDD-4BB2-8D8E-FFA005774189}.AppStore|Any CPU.ActiveCfg = AppStore|iPhone
		{EDE6514E-1EDD-4BB2-8D8E-FFA005774189}.AppStore|ARM.ActiveCfg = AppStore|iPhone
		{EDE6514E-1EDD-4BB2-8D8E-FFA005774189}.AppStore|iPhone.ActiveCfg = AppStore|iPhone
		{EDE6514E-1EDD-4BB2-8D8E-FFA005774189}.AppStore|iPhone.Build.0 = AppStore|iPhone
		{EDE6514E-1EDD-4BB2-8D8E-FFA005774189}.AppStore|iPhoneSimulator.ActiveCfg = AppStore|iPhoneSimulator
		{EDE6514E-1EDD-4BB2-8D8E-FFA005774189}.AppStore|iPhoneSimulator.Build.0 = AppStore|iPhoneSimulator
		{EDE6514E-1EDD-4BB2-8D8E-FFA005774189}.AppStore|x64.ActiveCfg = AppStore|iPhone
		{EDE6514E-1EDD-4BB2-8D8E-FFA005774189}.AppStore|x86.ActiveCfg = AppStore|iPhone
		{EDE6514E-1EDD-4BB2-8D8E-FFA005774189}.Debug|Any CPU.ActiveCfg = Debug|iPhone
		{EDE6514E-1EDD-4BB2-8D8E-FFA005774189}.Debug|ARM.ActiveCfg = Debug|iPhone
		{EDE6514E-1EDD-4BB2-8D8E-FFA005774189}.Debug|iPhone.ActiveCfg = Debug|iPhone
		{EDE6514E-1EDD-4BB2-8D8E-FFA005774189}.Debug|iPhone.Build.0 = Debug|iPhone
		{EDE6514E-1EDD-4BB2-8D8E-FFA005774189}.Debug|iPhoneSimulator.ActiveCfg = Debug|iPhoneSimulator
		{EDE6514E-1EDD-4BB2-8D8E-FFA005774189}.Debug|iPhoneSimulator.Build.0 = Debug|iPhoneSimulator
		{EDE6514E-1EDD-4BB2-8D8E-FFA005774189}.Debug|x64.ActiveCfg = Debug|iPhone
		{EDE6514E-1EDD-4BB2-8D8E-FFA005774189}.Debug|x86.ActiveCfg = Debug|iPhone
		{EDE6514E-1EDD-4BB2-8D8E-FFA005774189}.Release|Any CPU.ActiveCfg = Release|iPhone
		{EDE6514E-1EDD-4BB2-8D8E-FFA005774189}.Release|ARM.ActiveCfg = Release|iPhone
		{EDE6514E-1EDD-4BB2-8D8E-FFA005774189}.Release|iPhone.ActiveCfg = Release|iPhone
		{EDE6514E-1EDD-4BB2-8D8E-FFA005774189}.Release|iPhone.Build.0 = Release|iPhone
		{EDE6514E-1EDD-4BB2-8D8E-FFA005774189}.Release|iPhoneSimulator.ActiveCfg = Release|iPhoneSimulator
		{EDE6514E-1EDD-4BB2-8D8E-FFA005774189}.Release|iPhoneSimulator.Build.0 = Release|iPhoneSimulator
		{EDE6514E-1EDD-4BB2-8D8E-FFA005774189}.Release|x64.ActiveCfg = Release|iPhone
		{EDE6514E-1EDD-4BB2-8D8E-FFA005774189}.Release|x86.ActiveCfg = Release|iPhone
		{2AE6B3D0-1F41-4E32-8833-91FF6A9556BD}.Ad-Hoc|Any CPU.ActiveCfg = Release|Any CPU
		{2AE6B3D0-1F41-4E32-8833-91FF6A9556BD}.Ad-Hoc|Any CPU.Build.0 = Release|Any CPU
		{2AE6B3D0-1F41-4E32-8833-91FF6A9556BD}.Ad-Hoc|Any CPU.Deploy.0 = Release|Any CPU
		{2AE6B3D0-1F41-4E32-8833-91FF6A9556BD}.Ad-Hoc|ARM.ActiveCfg = Release|ARM
		{2AE6B3D0-1F41-4E32-8833-91FF6A9556BD}.Ad-Hoc|ARM.Build.0 = Release|ARM
		{2AE6B3D0-1F41-4E32-8833-91FF6A9556BD}.Ad-Hoc|ARM.Deploy.0 = Release|ARM
		{2AE6B3D0-1F41-4E32-8833-91FF6A9556BD}.Ad-Hoc|iPhone.ActiveCfg = Release|Any CPU
		{2AE6B3D0-1F41-4E32-8833-91FF6A9556BD}.Ad-Hoc|iPhone.Build.0 = Release|Any CPU
		{2AE6B3D0-1F41-4E32-8833-91FF6A9556BD}.Ad-Hoc|iPhone.Deploy.0 = Release|Any CPU
		{2AE6B3D0-1F41-4E32-8833-91FF6A9556BD}.Ad-Hoc|iPhoneSimulator.ActiveCfg = Release|Any CPU
		{2AE6B3D0-1F41-4E32-8833-91FF6A9556BD}.Ad-Hoc|iPhoneSimulator.Build.0 = Release|Any CPU
		{2AE6B3D0-1F41-4E32-8833-91FF6A9556BD}.Ad-Hoc|iPhoneSimulator.Deploy.0 = Release|Any CPU
		{2AE6B3D0-1F41-4E32-8833-91FF6A9556BD}.Ad-Hoc|x64.ActiveCfg = Release|Any CPU
		{2AE6B3D0-1F41-4E32-8833-91FF6A9556BD}.Ad-Hoc|x64.Build.0 = Release|Any CPU
		{2AE6B3D0-1F41-4E32-8833-91FF6A9556BD}.Ad-Hoc|x64.Deploy.0 = Release|Any CPU
		{2AE6B3D0-1F41-4E32-8833-91FF6A9556BD}.Ad-Hoc|x86.ActiveCfg = Release|x86
		{2AE6B3D0-1F41-4E32-8833-91FF6A9556BD}.Ad-Hoc|x86.Build.0 = Release|x86
		{2AE6B3D0-1F41-4E32-8833-91FF6A9556BD}.Ad-Hoc|x86.Deploy.0 = Release|x86
		{2AE6B3D0-1F41-4E32-8833-91FF6A9556BD}.AppStore|Any CPU.ActiveCfg = Release|Any CPU
		{2AE6B3D0-1F41-4E32-8833-91FF6A9556BD}.AppStore|Any CPU.Build.0 = Release|Any CPU
		{2AE6B3D0-1F41-4E32-8833-91FF6A9556BD}.AppStore|Any CPU.Deploy.0 = Release|Any CPU
		{2AE6B3D0-1F41-4E32-8833-91FF6A9556BD}.AppStore|ARM.ActiveCfg = Release|ARM
		{2AE6B3D0-1F41-4E32-8833-91FF6A9556BD}.AppStore|ARM.Build.0 = Release|ARM
		{2AE6B3D0-1F41-4E32-8833-91FF6A9556BD}.AppStore|ARM.Deploy.0 = Release|ARM
		{2AE6B3D0-1F41-4E32-8833-91FF6A9556BD}.AppStore|iPhone.ActiveCfg = Release|Any CPU
		{2AE6B3D0-1F41-4E32-8833-91FF6A9556BD}.AppStore|iPhone.Build.0 = Release|Any CPU
		{2AE6B3D0-1F41-4E32-8833-91FF6A9556BD}.AppStore|iPhone.Deploy.0 = Release|Any CPU
		{2AE6B3D0-1F41-4E32-8833-91FF6A9556BD}.AppStore|iPhoneSimulator.ActiveCfg = Release|Any CPU
		{2AE6B3D0-1F41-4E32-8833-91FF6A9556BD}.AppStore|iPhoneSimulator.Build.0 = Release|Any CPU
		{2AE6B3D0-1F41-4E32-8833-91FF6A9556BD}.AppStore|iPhoneSimulator.Deploy.0 = Release|Any CPU
		{2AE6B3D0-1F41-4E32-8833-91FF6A9556BD}.AppStore|x64.ActiveCfg = Release|Any CPU
		{2AE6B3D0-1F41-4E32-8833-91FF6A9556BD}.AppStore|x64.Build.0 = Release|Any CPU
		{2AE6B3D0-1F41-4E32-8833-91FF6A9556BD}.AppStore|x64.Deploy.0 = Release|Any CPU
		{2AE6B3D0-1F41-4E32-8833-91FF6A9556BD}.AppStore|x86.ActiveCfg = Release|x86
		{2AE6B3D0-1F41-4E32-8833-91FF6A9556BD}.AppStore|x86.Build.0 = Release|x86
		{2AE6B3D0-1F41-4E32-8833-91FF6A9556BD}.AppStore|x86.Deploy.0 = Release|x86
		{2AE6B3D0-1F41-4E32-8833-91FF6A9556BD}.Debug|Any CPU.ActiveCfg = Debug|Any CPU
		{2AE6B3D0-1F41-4E32-8833-91FF6A9556BD}.Debug|Any CPU.Build.0 = Debug|Any CPU
		{2AE6B3D0-1F41-4E32-8833-91FF6A9556BD}.Debug|Any CPU.Deploy.0 = Debug|Any CPU
		{2AE6B3D0-1F41-4E32-8833-91FF6A9556BD}.Debug|ARM.ActiveCfg = Debug|ARM
		{2AE6B3D0-1F41-4E32-8833-91FF6A9556BD}.Debug|ARM.Build.0 = Debug|ARM
		{2AE6B3D0-1F41-4E32-8833-91FF6A9556BD}.Debug|ARM.Deploy.0 = Debug|ARM
		{2AE6B3D0-1F41-4E32-8833-91FF6A9556BD}.Debug|iPhone.ActiveCfg = Debug|Any CPU
		{2AE6B3D0-1F41-4E32-8833-91FF6A9556BD}.Debug|iPhone.Build.0 = Debug|Any CPU
		{2AE6B3D0-1F41-4E32-8833-91FF6A9556BD}.Debug|iPhone.Deploy.0 = Debug|Any CPU
		{2AE6B3D0-1F41-4E32-8833-91FF6A9556BD}.Debug|iPhoneSimulator.ActiveCfg = Debug|Any CPU
		{2AE6B3D0-1F41-4E32-8833-91FF6A9556BD}.Debug|iPhoneSimulator.Build.0 = Debug|Any CPU
		{2AE6B3D0-1F41-4E32-8833-91FF6A9556BD}.Debug|iPhoneSimulator.Deploy.0 = Debug|Any CPU
		{2AE6B3D0-1F41-4E32-8833-91FF6A9556BD}.Debug|x64.ActiveCfg = Debug|Any CPU
		{2AE6B3D0-1F41-4E32-8833-91FF6A9556BD}.Debug|x64.Build.0 = Debug|Any CPU
		{2AE6B3D0-1F41-4E32-8833-91FF6A9556BD}.Debug|x64.Deploy.0 = Debug|Any CPU
		{2AE6B3D0-1F41-4E32-8833-91FF6A9556BD}.Debug|x86.ActiveCfg = Debug|x86
		{2AE6B3D0-1F41-4E32-8833-91FF6A9556BD}.Debug|x86.Build.0 = Debug|x86
		{2AE6B3D0-1F41-4E32-8833-91FF6A9556BD}.Debug|x86.Deploy.0 = Debug|x86
		{2AE6B3D0-1F41-4E32-8833-91FF6A9556BD}.Release|Any CPU.ActiveCfg = Release|Any CPU
		{2AE6B3D0-1F41-4E32-8833-91FF6A9556BD}.Release|Any CPU.Build.0 = Release|Any CPU
		{2AE6B3D0-1F41-4E32-8833-91FF6A9556BD}.Release|Any CPU.Deploy.0 = Release|Any CPU
		{2AE6B3D0-1F41-4E32-8833-91FF6A9556BD}.Release|ARM.ActiveCfg = Release|ARM
		{2AE6B3D0-1F41-4E32-8833-91FF6A9556BD}.Release|ARM.Build.0 = Release|ARM
		{2AE6B3D0-1F41-4E32-8833-91FF6A9556BD}.Release|ARM.Deploy.0 = Release|ARM
		{2AE6B3D0-1F41-4E32-8833-91FF6A9556BD}.Release|iPhone.ActiveCfg = Release|Any CPU
		{2AE6B3D0-1F41-4E32-8833-91FF6A9556BD}.Release|iPhone.Build.0 = Release|Any CPU
		{2AE6B3D0-1F41-4E32-8833-91FF6A9556BD}.Release|iPhone.Deploy.0 = Release|Any CPU
		{2AE6B3D0-1F41-4E32-8833-91FF6A9556BD}.Release|iPhoneSimulator.ActiveCfg = Release|Any CPU
		{2AE6B3D0-1F41-4E32-8833-91FF6A9556BD}.Release|iPhoneSimulator.Build.0 = Release|Any CPU
		{2AE6B3D0-1F41-4E32-8833-91FF6A9556BD}.Release|iPhoneSimulator.Deploy.0 = Release|Any CPU
		{2AE6B3D0-1F41-4E32-8833-91FF6A9556BD}.Release|x64.ActiveCfg = Release|Any CPU
		{2AE6B3D0-1F41-4E32-8833-91FF6A9556BD}.Release|x64.Build.0 = Release|Any CPU
		{2AE6B3D0-1F41-4E32-8833-91FF6A9556BD}.Release|x64.Deploy.0 = Release|Any CPU
		{2AE6B3D0-1F41-4E32-8833-91FF6A9556BD}.Release|x86.ActiveCfg = Release|x86
		{2AE6B3D0-1F41-4E32-8833-91FF6A9556BD}.Release|x86.Build.0 = Release|x86
		{2AE6B3D0-1F41-4E32-8833-91FF6A9556BD}.Release|x86.Deploy.0 = Release|x86
		{4654D08C-D26C-4EDD-89D4-887518260A65}.Ad-Hoc|Any CPU.ActiveCfg = Release|x86
		{4654D08C-D26C-4EDD-89D4-887518260A65}.Ad-Hoc|Any CPU.Build.0 = Release|x86
		{4654D08C-D26C-4EDD-89D4-887518260A65}.Ad-Hoc|Any CPU.Deploy.0 = Release|x86
		{4654D08C-D26C-4EDD-89D4-887518260A65}.Ad-Hoc|ARM.ActiveCfg = Release|ARM
		{4654D08C-D26C-4EDD-89D4-887518260A65}.Ad-Hoc|ARM.Build.0 = Release|ARM
		{4654D08C-D26C-4EDD-89D4-887518260A65}.Ad-Hoc|ARM.Deploy.0 = Release|ARM
		{4654D08C-D26C-4EDD-89D4-887518260A65}.Ad-Hoc|iPhone.ActiveCfg = Release|x86
		{4654D08C-D26C-4EDD-89D4-887518260A65}.Ad-Hoc|iPhone.Build.0 = Release|x86
		{4654D08C-D26C-4EDD-89D4-887518260A65}.Ad-Hoc|iPhone.Deploy.0 = Release|x86
		{4654D08C-D26C-4EDD-89D4-887518260A65}.Ad-Hoc|iPhoneSimulator.ActiveCfg = Release|x86
		{4654D08C-D26C-4EDD-89D4-887518260A65}.Ad-Hoc|iPhoneSimulator.Build.0 = Release|x86
		{4654D08C-D26C-4EDD-89D4-887518260A65}.Ad-Hoc|iPhoneSimulator.Deploy.0 = Release|x86
		{4654D08C-D26C-4EDD-89D4-887518260A65}.Ad-Hoc|x64.ActiveCfg = Release|x64
		{4654D08C-D26C-4EDD-89D4-887518260A65}.Ad-Hoc|x64.Build.0 = Release|x64
		{4654D08C-D26C-4EDD-89D4-887518260A65}.Ad-Hoc|x64.Deploy.0 = Release|x64
		{4654D08C-D26C-4EDD-89D4-887518260A65}.Ad-Hoc|x86.ActiveCfg = Release|x86
		{4654D08C-D26C-4EDD-89D4-887518260A65}.Ad-Hoc|x86.Build.0 = Release|x86
		{4654D08C-D26C-4EDD-89D4-887518260A65}.Ad-Hoc|x86.Deploy.0 = Release|x86
		{4654D08C-D26C-4EDD-89D4-887518260A65}.AppStore|Any CPU.ActiveCfg = Release|x86
		{4654D08C-D26C-4EDD-89D4-887518260A65}.AppStore|Any CPU.Build.0 = Release|x86
		{4654D08C-D26C-4EDD-89D4-887518260A65}.AppStore|Any CPU.Deploy.0 = Release|x86
		{4654D08C-D26C-4EDD-89D4-887518260A65}.AppStore|ARM.ActiveCfg = Release|ARM
		{4654D08C-D26C-4EDD-89D4-887518260A65}.AppStore|ARM.Build.0 = Release|ARM
		{4654D08C-D26C-4EDD-89D4-887518260A65}.AppStore|ARM.Deploy.0 = Release|ARM
		{4654D08C-D26C-4EDD-89D4-887518260A65}.AppStore|iPhone.ActiveCfg = Release|x86
		{4654D08C-D26C-4EDD-89D4-887518260A65}.AppStore|iPhone.Build.0 = Release|x86
		{4654D08C-D26C-4EDD-89D4-887518260A65}.AppStore|iPhone.Deploy.0 = Release|x86
		{4654D08C-D26C-4EDD-89D4-887518260A65}.AppStore|iPhoneSimulator.ActiveCfg = Release|x86
		{4654D08C-D26C-4EDD-89D4-887518260A65}.AppStore|iPhoneSimulator.Build.0 = Release|x86
		{4654D08C-D26C-4EDD-89D4-887518260A65}.AppStore|iPhoneSimulator.Deploy.0 = Release|x86
		{4654D08C-D26C-4EDD-89D4-887518260A65}.AppStore|x64.ActiveCfg = Release|x64
		{4654D08C-D26C-4EDD-89D4-887518260A65}.AppStore|x64.Build.0 = Release|x64
		{4654D08C-D26C-4EDD-89D4-887518260A65}.AppStore|x64.Deploy.0 = Release|x64
		{4654D08C-D26C-4EDD-89D4-887518260A65}.AppStore|x86.ActiveCfg = Release|x86
		{4654D08C-D26C-4EDD-89D4-887518260A65}.AppStore|x86.Build.0 = Release|x86
		{4654D08C-D26C-4EDD-89D4-887518260A65}.AppStore|x86.Deploy.0 = Release|x86
		{4654D08C-D26C-4EDD-89D4-887518260A65}.Debug|Any CPU.ActiveCfg = Debug|x86
		{4654D08C-D26C-4EDD-89D4-887518260A65}.Debug|ARM.ActiveCfg = Debug|ARM
		{4654D08C-D26C-4EDD-89D4-887518260A65}.Debug|ARM.Build.0 = Debug|ARM
		{4654D08C-D26C-4EDD-89D4-887518260A65}.Debug|ARM.Deploy.0 = Debug|ARM
		{4654D08C-D26C-4EDD-89D4-887518260A65}.Debug|iPhone.ActiveCfg = Debug|x86
		{4654D08C-D26C-4EDD-89D4-887518260A65}.Debug|iPhoneSimulator.ActiveCfg = Debug|x86
		{4654D08C-D26C-4EDD-89D4-887518260A65}.Debug|x64.ActiveCfg = Debug|x64
		{4654D08C-D26C-4EDD-89D4-887518260A65}.Debug|x64.Build.0 = Debug|x64
		{4654D08C-D26C-4EDD-89D4-887518260A65}.Debug|x64.Deploy.0 = Debug|x64
		{4654D08C-D26C-4EDD-89D4-887518260A65}.Debug|x86.ActiveCfg = Debug|x86
		{4654D08C-D26C-4EDD-89D4-887518260A65}.Debug|x86.Build.0 = Debug|x86
		{4654D08C-D26C-4EDD-89D4-887518260A65}.Debug|x86.Deploy.0 = Debug|x86
		{4654D08C-D26C-4EDD-89D4-887518260A65}.Release|Any CPU.ActiveCfg = Release|x86
		{4654D08C-D26C-4EDD-89D4-887518260A65}.Release|ARM.ActiveCfg = Release|ARM
		{4654D08C-D26C-4EDD-89D4-887518260A65}.Release|ARM.Build.0 = Release|ARM
		{4654D08C-D26C-4EDD-89D4-887518260A65}.Release|ARM.Deploy.0 = Release|ARM
		{4654D08C-D26C-4EDD-89D4-887518260A65}.Release|iPhone.ActiveCfg = Release|x86
		{4654D08C-D26C-4EDD-89D4-887518260A65}.Release|iPhoneSimulator.ActiveCfg = Release|x86
		{4654D08C-D26C-4EDD-89D4-887518260A65}.Release|x64.ActiveCfg = Release|x64
		{4654D08C-D26C-4EDD-89D4-887518260A65}.Release|x64.Build.0 = Release|x64
		{4654D08C-D26C-4EDD-89D4-887518260A65}.Release|x64.Deploy.0 = Release|x64
		{4654D08C-D26C-4EDD-89D4-887518260A65}.Release|x86.ActiveCfg = Release|x86
		{4654D08C-D26C-4EDD-89D4-887518260A65}.Release|x86.Build.0 = Release|x86
		{4654D08C-D26C-4EDD-89D4-887518260A65}.Release|x86.Deploy.0 = Release|x86
		{FF903F4F-1F54-4F7D-B5AA-5392DE98E2A0}.Ad-Hoc|Any CPU.ActiveCfg = Release|Any CPU
		{FF903F4F-1F54-4F7D-B5AA-5392DE98E2A0}.Ad-Hoc|Any CPU.Build.0 = Release|Any CPU
		{FF903F4F-1F54-4F7D-B5AA-5392DE98E2A0}.Ad-Hoc|Any CPU.Deploy.0 = Release|Any CPU
		{FF903F4F-1F54-4F7D-B5AA-5392DE98E2A0}.Ad-Hoc|ARM.ActiveCfg = Release|ARM
		{FF903F4F-1F54-4F7D-B5AA-5392DE98E2A0}.Ad-Hoc|ARM.Build.0 = Release|ARM
		{FF903F4F-1F54-4F7D-B5AA-5392DE98E2A0}.Ad-Hoc|ARM.Deploy.0 = Release|ARM
		{FF903F4F-1F54-4F7D-B5AA-5392DE98E2A0}.Ad-Hoc|iPhone.ActiveCfg = Release|Any CPU
		{FF903F4F-1F54-4F7D-B5AA-5392DE98E2A0}.Ad-Hoc|iPhone.Build.0 = Release|Any CPU
		{FF903F4F-1F54-4F7D-B5AA-5392DE98E2A0}.Ad-Hoc|iPhone.Deploy.0 = Release|Any CPU
		{FF903F4F-1F54-4F7D-B5AA-5392DE98E2A0}.Ad-Hoc|iPhoneSimulator.ActiveCfg = Release|Any CPU
		{FF903F4F-1F54-4F7D-B5AA-5392DE98E2A0}.Ad-Hoc|iPhoneSimulator.Build.0 = Release|Any CPU
		{FF903F4F-1F54-4F7D-B5AA-5392DE98E2A0}.Ad-Hoc|iPhoneSimulator.Deploy.0 = Release|Any CPU
		{FF903F4F-1F54-4F7D-B5AA-5392DE98E2A0}.Ad-Hoc|x64.ActiveCfg = Release|x64
		{FF903F4F-1F54-4F7D-B5AA-5392DE98E2A0}.Ad-Hoc|x64.Build.0 = Release|x64
		{FF903F4F-1F54-4F7D-B5AA-5392DE98E2A0}.Ad-Hoc|x64.Deploy.0 = Release|x64
		{FF903F4F-1F54-4F7D-B5AA-5392DE98E2A0}.Ad-Hoc|x86.ActiveCfg = Release|x86
		{FF903F4F-1F54-4F7D-B5AA-5392DE98E2A0}.Ad-Hoc|x86.Build.0 = Release|x86
		{FF903F4F-1F54-4F7D-B5AA-5392DE98E2A0}.Ad-Hoc|x86.Deploy.0 = Release|x86
		{FF903F4F-1F54-4F7D-B5AA-5392DE98E2A0}.AppStore|Any CPU.ActiveCfg = Release|Any CPU
		{FF903F4F-1F54-4F7D-B5AA-5392DE98E2A0}.AppStore|Any CPU.Build.0 = Release|Any CPU
		{FF903F4F-1F54-4F7D-B5AA-5392DE98E2A0}.AppStore|Any CPU.Deploy.0 = Release|Any CPU
		{FF903F4F-1F54-4F7D-B5AA-5392DE98E2A0}.AppStore|ARM.ActiveCfg = Release|ARM
		{FF903F4F-1F54-4F7D-B5AA-5392DE98E2A0}.AppStore|ARM.Build.0 = Release|ARM
		{FF903F4F-1F54-4F7D-B5AA-5392DE98E2A0}.AppStore|ARM.Deploy.0 = Release|ARM
		{FF903F4F-1F54-4F7D-B5AA-5392DE98E2A0}.AppStore|iPhone.ActiveCfg = Release|Any CPU
		{FF903F4F-1F54-4F7D-B5AA-5392DE98E2A0}.AppStore|iPhone.Build.0 = Release|Any CPU
		{FF903F4F-1F54-4F7D-B5AA-5392DE98E2A0}.AppStore|iPhone.Deploy.0 = Release|Any CPU
		{FF903F4F-1F54-4F7D-B5AA-5392DE98E2A0}.AppStore|iPhoneSimulator.ActiveCfg = Release|Any CPU
		{FF903F4F-1F54-4F7D-B5AA-5392DE98E2A0}.AppStore|iPhoneSimulator.Build.0 = Release|Any CPU
		{FF903F4F-1F54-4F7D-B5AA-5392DE98E2A0}.AppStore|iPhoneSimulator.Deploy.0 = Release|Any CPU
		{FF903F4F-1F54-4F7D-B5AA-5392DE98E2A0}.AppStore|x64.ActiveCfg = Release|x64
		{FF903F4F-1F54-4F7D-B5AA-5392DE98E2A0}.AppStore|x64.Build.0 = Release|x64
		{FF903F4F-1F54-4F7D-B5AA-5392DE98E2A0}.AppStore|x64.Deploy.0 = Release|x64
		{FF903F4F-1F54-4F7D-B5AA-5392DE98E2A0}.AppStore|x86.ActiveCfg = Release|x86
		{FF903F4F-1F54-4F7D-B5AA-5392DE98E2A0}.AppStore|x86.Build.0 = Release|x86
		{FF903F4F-1F54-4F7D-B5AA-5392DE98E2A0}.AppStore|x86.Deploy.0 = Release|x86
		{FF903F4F-1F54-4F7D-B5AA-5392DE98E2A0}.Debug|Any CPU.ActiveCfg = Debug|Any CPU
		{FF903F4F-1F54-4F7D-B5AA-5392DE98E2A0}.Debug|Any CPU.Build.0 = Debug|Any CPU
		{FF903F4F-1F54-4F7D-B5AA-5392DE98E2A0}.Debug|Any CPU.Deploy.0 = Debug|Any CPU
		{FF903F4F-1F54-4F7D-B5AA-5392DE98E2A0}.Debug|ARM.ActiveCfg = Debug|ARM
		{FF903F4F-1F54-4F7D-B5AA-5392DE98E2A0}.Debug|ARM.Build.0 = Debug|ARM
		{FF903F4F-1F54-4F7D-B5AA-5392DE98E2A0}.Debug|ARM.Deploy.0 = Debug|ARM
		{FF903F4F-1F54-4F7D-B5AA-5392DE98E2A0}.Debug|iPhone.ActiveCfg = Debug|Any CPU
		{FF903F4F-1F54-4F7D-B5AA-5392DE98E2A0}.Debug|iPhone.Build.0 = Debug|Any CPU
		{FF903F4F-1F54-4F7D-B5AA-5392DE98E2A0}.Debug|iPhone.Deploy.0 = Debug|Any CPU
		{FF903F4F-1F54-4F7D-B5AA-5392DE98E2A0}.Debug|iPhoneSimulator.ActiveCfg = Debug|Any CPU
		{FF903F4F-1F54-4F7D-B5AA-5392DE98E2A0}.Debug|iPhoneSimulator.Build.0 = Debug|Any CPU
		{FF903F4F-1F54-4F7D-B5AA-5392DE98E2A0}.Debug|iPhoneSimulator.Deploy.0 = Debug|Any CPU
		{FF903F4F-1F54-4F7D-B5AA-5392DE98E2A0}.Debug|x64.ActiveCfg = Debug|x64
		{FF903F4F-1F54-4F7D-B5AA-5392DE98E2A0}.Debug|x64.Build.0 = Debug|x64
		{FF903F4F-1F54-4F7D-B5AA-5392DE98E2A0}.Debug|x64.Deploy.0 = Debug|x64
		{FF903F4F-1F54-4F7D-B5AA-5392DE98E2A0}.Debug|x86.ActiveCfg = Debug|x86
		{FF903F4F-1F54-4F7D-B5AA-5392DE98E2A0}.Debug|x86.Build.0 = Debug|x86
		{FF903F4F-1F54-4F7D-B5AA-5392DE98E2A0}.Debug|x86.Deploy.0 = Debug|x86
		{FF903F4F-1F54-4F7D-B5AA-5392DE98E2A0}.Release|Any CPU.ActiveCfg = Release|Any CPU
		{FF903F4F-1F54-4F7D-B5AA-5392DE98E2A0}.Release|Any CPU.Build.0 = Release|Any CPU
		{FF903F4F-1F54-4F7D-B5AA-5392DE98E2A0}.Release|Any CPU.Deploy.0 = Release|Any CPU
		{FF903F4F-1F54-4F7D-B5AA-5392DE98E2A0}.Release|ARM.ActiveCfg = Release|ARM
		{FF903F4F-1F54-4F7D-B5AA-5392DE98E2A0}.Release|ARM.Build.0 = Release|ARM
		{FF903F4F-1F54-4F7D-B5AA-5392DE98E2A0}.Release|ARM.Deploy.0 = Release|ARM
		{FF903F4F-1F54-4F7D-B5AA-5392DE98E2A0}.Release|iPhone.ActiveCfg = Release|Any CPU
		{FF903F4F-1F54-4F7D-B5AA-5392DE98E2A0}.Release|iPhone.Build.0 = Release|Any CPU
		{FF903F4F-1F54-4F7D-B5AA-5392DE98E2A0}.Release|iPhone.Deploy.0 = Release|Any CPU
		{FF903F4F-1F54-4F7D-B5AA-5392DE98E2A0}.Release|iPhoneSimulator.ActiveCfg = Release|Any CPU
		{FF903F4F-1F54-4F7D-B5AA-5392DE98E2A0}.Release|iPhoneSimulator.Build.0 = Release|Any CPU
		{FF903F4F-1F54-4F7D-B5AA-5392DE98E2A0}.Release|iPhoneSimulator.Deploy.0 = Release|Any CPU
		{FF903F4F-1F54-4F7D-B5AA-5392DE98E2A0}.Release|x64.ActiveCfg = Release|x64
		{FF903F4F-1F54-4F7D-B5AA-5392DE98E2A0}.Release|x64.Build.0 = Release|x64
		{FF903F4F-1F54-4F7D-B5AA-5392DE98E2A0}.Release|x64.Deploy.0 = Release|x64
		{FF903F4F-1F54-4F7D-B5AA-5392DE98E2A0}.Release|x86.ActiveCfg = Release|x86
		{FF903F4F-1F54-4F7D-B5AA-5392DE98E2A0}.Release|x86.Build.0 = Release|x86
		{FF903F4F-1F54-4F7D-B5AA-5392DE98E2A0}.Release|x86.Deploy.0 = Release|x86
		{02DFE0F5-7F6C-4447-B6D5-97796845D1DA}.Ad-Hoc|Any CPU.ActiveCfg = Release|Any CPU
		{02DFE0F5-7F6C-4447-B6D5-97796845D1DA}.Ad-Hoc|Any CPU.Build.0 = Release|Any CPU
		{02DFE0F5-7F6C-4447-B6D5-97796845D1DA}.Ad-Hoc|ARM.ActiveCfg = Release|Any CPU
		{02DFE0F5-7F6C-4447-B6D5-97796845D1DA}.Ad-Hoc|ARM.Build.0 = Release|Any CPU
		{02DFE0F5-7F6C-4447-B6D5-97796845D1DA}.Ad-Hoc|iPhone.ActiveCfg = Release|Any CPU
		{02DFE0F5-7F6C-4447-B6D5-97796845D1DA}.Ad-Hoc|iPhone.Build.0 = Release|Any CPU
		{02DFE0F5-7F6C-4447-B6D5-97796845D1DA}.Ad-Hoc|iPhoneSimulator.ActiveCfg = Release|Any CPU
		{02DFE0F5-7F6C-4447-B6D5-97796845D1DA}.Ad-Hoc|iPhoneSimulator.Build.0 = Release|Any CPU
		{02DFE0F5-7F6C-4447-B6D5-97796845D1DA}.Ad-Hoc|x64.ActiveCfg = Release|Any CPU
		{02DFE0F5-7F6C-4447-B6D5-97796845D1DA}.Ad-Hoc|x64.Build.0 = Release|Any CPU
		{02DFE0F5-7F6C-4447-B6D5-97796845D1DA}.Ad-Hoc|x86.ActiveCfg = Release|Any CPU
		{02DFE0F5-7F6C-4447-B6D5-97796845D1DA}.Ad-Hoc|x86.Build.0 = Release|Any CPU
		{02DFE0F5-7F6C-4447-B6D5-97796845D1DA}.AppStore|Any CPU.ActiveCfg = Release|Any CPU
		{02DFE0F5-7F6C-4447-B6D5-97796845D1DA}.AppStore|Any CPU.Build.0 = Release|Any CPU
		{02DFE0F5-7F6C-4447-B6D5-97796845D1DA}.AppStore|ARM.ActiveCfg = Release|Any CPU
		{02DFE0F5-7F6C-4447-B6D5-97796845D1DA}.AppStore|ARM.Build.0 = Release|Any CPU
		{02DFE0F5-7F6C-4447-B6D5-97796845D1DA}.AppStore|iPhone.ActiveCfg = Release|Any CPU
		{02DFE0F5-7F6C-4447-B6D5-97796845D1DA}.AppStore|iPhone.Build.0 = Release|Any CPU
		{02DFE0F5-7F6C-4447-B6D5-97796845D1DA}.AppStore|iPhoneSimulator.ActiveCfg = Release|Any CPU
		{02DFE0F5-7F6C-4447-B6D5-97796845D1DA}.AppStore|iPhoneSimulator.Build.0 = Release|Any CPU
		{02DFE0F5-7F6C-4447-B6D5-97796845D1DA}.AppStore|x64.ActiveCfg = Release|Any CPU
		{02DFE0F5-7F6C-4447-B6D5-97796845D1DA}.AppStore|x64.Build.0 = Release|Any CPU
		{02DFE0F5-7F6C-4447-B6D5-97796845D1DA}.AppStore|x86.ActiveCfg = Release|Any CPU
		{02DFE0F5-7F6C-4447-B6D5-97796845D1DA}.AppStore|x86.Build.0 = Release|Any CPU
		{02DFE0F5-7F6C-4447-B6D5-97796845D1DA}.Debug|Any CPU.ActiveCfg = Debug|Any CPU
		{02DFE0F5-7F6C-4447-B6D5-97796845D1DA}.Debug|Any CPU.Build.0 = Debug|Any CPU
		{02DFE0F5-7F6C-4447-B6D5-97796845D1DA}.Debug|ARM.ActiveCfg = Debug|Any CPU
		{02DFE0F5-7F6C-4447-B6D5-97796845D1DA}.Debug|ARM.Build.0 = Debug|Any CPU
		{02DFE0F5-7F6C-4447-B6D5-97796845D1DA}.Debug|iPhone.ActiveCfg = Debug|Any CPU
		{02DFE0F5-7F6C-4447-B6D5-97796845D1DA}.Debug|iPhone.Build.0 = Debug|Any CPU
		{02DFE0F5-7F6C-4447-B6D5-97796845D1DA}.Debug|iPhoneSimulator.ActiveCfg = Debug|Any CPU
		{02DFE0F5-7F6C-4447-B6D5-97796845D1DA}.Debug|iPhoneSimulator.Build.0 = Debug|Any CPU
		{02DFE0F5-7F6C-4447-B6D5-97796845D1DA}.Debug|x64.ActiveCfg = Debug|Any CPU
		{02DFE0F5-7F6C-4447-B6D5-97796845D1DA}.Debug|x64.Build.0 = Debug|Any CPU
		{02DFE0F5-7F6C-4447-B6D5-97796845D1DA}.Debug|x86.ActiveCfg = Debug|Any CPU
		{02DFE0F5-7F6C-4447-B6D5-97796845D1DA}.Debug|x86.Build.0 = Debug|Any CPU
		{02DFE0F5-7F6C-4447-B6D5-97796845D1DA}.Release|Any CPU.ActiveCfg = Release|Any CPU
		{02DFE0F5-7F6C-4447-B6D5-97796845D1DA}.Release|Any CPU.Build.0 = Release|Any CPU
		{02DFE0F5-7F6C-4447-B6D5-97796845D1DA}.Release|ARM.ActiveCfg = Release|Any CPU
		{02DFE0F5-7F6C-4447-B6D5-97796845D1DA}.Release|ARM.Build.0 = Release|Any CPU
		{02DFE0F5-7F6C-4447-B6D5-97796845D1DA}.Release|iPhone.ActiveCfg = Release|Any CPU
		{02DFE0F5-7F6C-4447-B6D5-97796845D1DA}.Release|iPhone.Build.0 = Release|Any CPU
		{02DFE0F5-7F6C-4447-B6D5-97796845D1DA}.Release|iPhoneSimulator.ActiveCfg = Release|Any CPU
		{02DFE0F5-7F6C-4447-B6D5-97796845D1DA}.Release|iPhoneSimulator.Build.0 = Release|Any CPU
		{02DFE0F5-7F6C-4447-B6D5-97796845D1DA}.Release|x64.ActiveCfg = Release|Any CPU
		{02DFE0F5-7F6C-4447-B6D5-97796845D1DA}.Release|x64.Build.0 = Release|Any CPU
		{02DFE0F5-7F6C-4447-B6D5-97796845D1DA}.Release|x86.ActiveCfg = Release|Any CPU
		{02DFE0F5-7F6C-4447-B6D5-97796845D1DA}.Release|x86.Build.0 = Release|Any CPU
	EndGlobalSection
	GlobalSection(SolutionProperties) = preSolution
		HideSolutionNode = FALSE
	EndGlobalSection
EndGlobal
